
Microsoft Visual Studio Solution File, Format Version 12.00
# Visual Studio Version 17
VisualStudioVersion = 17.2.32526.322
MinimumVisualStudioVersion = 10.0.40219.1
Project("{FAE04EC0-301F-11D3-BF4B-00C04F79EFBC}") = "ABCC_coppel", "ABCC_coppel\ABCC_coppel.csproj", "{75E3EA63-5DE3-4104-89C8-3147BB10DF51}"
EndProject
Global
	GlobalSection(SolutionConfigurationPlatforms) = preSolution
		Debug|Any CPU = Debug|Any CPU
		Release|Any CPU = Release|Any CPU
	EndGlobalSection
	GlobalSection(ProjectConfigurationPlatforms) = postSolution
		{75E3EA63-5DE3-4104-89C8-3147BB10DF51}.Debug|Any CPU.ActiveCfg = Debug|Any CPU
		{75E3EA63-5DE3-4104-89C8-3147BB10DF51}.Debug|Any CPU.Build.0 = Debug|Any CPU
		{75E3EA63-5DE3-4104-89C8-3147BB10DF51}.Release|Any CPU.ActiveCfg = Release|Any CPU
		{75E3EA63-5DE3-4104-89C8-3147BB10DF51}.Release|Any CPU.Build.0 = Release|Any CPU
	EndGlobalSection
	GlobalSection(SolutionProperties) = preSolution
		HideSolutionNode = FALSE
	EndGlobalSection
	GlobalSection(ExtensibilityGlobals) = postSolution
		SolutionGuid = {379D39F5-427B-422C-B61F-3734BB4119BB}
	EndGlobalSection
EndGlobal
